// !$*UTF8*$!
{
	archiveVersion = 1;
	classes = {
	};
	objectVersion = 46;
	objects = {

/* Begin PBXFileReference section */
		DF20929018D0DAFF0093D3DC /* CMakeLists.txt */ = {isa = PBXFileReference; fileEncoding = 4; lastKnownFileType = text; lineEnding = 0; name = CMakeLists.txt; path = ../ServiceLister/CMakeLists.txt; sourceTree = SOURCE_ROOT; };
		DF20929118D0DB860093D3DC /* main.cpp */ = {isa = PBXFileReference; fileEncoding = 4; lastKnownFileType = sourcecode.cpp.cpp; lineEnding = 0; name = main.cpp; path = ../ServiceLister/main.cpp; sourceTree = SOURCE_ROOT; xcLanguageSpecificationIdentifier = xcode.lang.cpp; };
		DF20929318D241AC0093D3DC /* CMakeLists.txt */ = {isa = PBXFileReference; fileEncoding = 4; lastKnownFileType = text; lineEnding = 0; name = CMakeLists.txt; path = ../RequestInfo/CMakeLists.txt; sourceTree = SOURCE_ROOT; };
		DF20929418D241AC0093D3DC /* main.cpp */ = {isa = PBXFileReference; fileEncoding = 4; lastKnownFileType = sourcecode.cpp.cpp; lineEnding = 0; name = main.cpp; path = ../RequestInfo/main.cpp; sourceTree = SOURCE_ROOT; xcLanguageSpecificationIdentifier = xcode.lang.cpp; };
		DF20929618D357A80093D3DC /* CMakeLists.txt */ = {isa = PBXFileReference; fileEncoding = 4; lastKnownFileType = text; lineEnding = 0; name = CMakeLists.txt; path = ../RequestCounterService/CMakeLists.txt; sourceTree = SOURCE_ROOT; };
		DF20929718D357A80093D3DC /* main.cpp */ = {isa = PBXFileReference; fileEncoding = 4; lastKnownFileType = sourcecode.cpp.cpp; lineEnding = 0; name = main.cpp; path = ../RequestCounterService/main.cpp; sourceTree = SOURCE_ROOT; xcLanguageSpecificationIdentifier = xcode.lang.cpp; };
		DF20929818D357A80093D3DC /* YPPRequestCounterDefaultRequestHandler.cpp */ = {isa = PBXFileReference; fileEncoding = 4; lastKnownFileType = sourcecode.cpp.cpp; name = YPPRequestCounterDefaultRequestHandler.cpp; path = ../RequestCounterService/YPPRequestCounterDefaultRequestHandler.cpp; sourceTree = SOURCE_ROOT; };
		DF20929918D357A80093D3DC /* YPPRequestCounterDefaultRequestHandler.h */ = {isa = PBXFileReference; fileEncoding = 4; lastKnownFileType = sourcecode.c.h; name = YPPRequestCounterDefaultRequestHandler.h; path = ../RequestCounterService/YPPRequestCounterDefaultRequestHandler.h; sourceTree = SOURCE_ROOT; };
		DF20929A18D357A80093D3DC /* YPPRequestCounterService.cpp */ = {isa = PBXFileReference; fileEncoding = 4; lastKnownFileType = sourcecode.cpp.cpp; name = YPPRequestCounterService.cpp; path = ../RequestCounterService/YPPRequestCounterService.cpp; sourceTree = SOURCE_ROOT; };
		DF20929B18D357A80093D3DC /* YPPRequestCounterService.h */ = {isa = PBXFileReference; fileEncoding = 4; lastKnownFileType = sourcecode.c.h; name = YPPRequestCounterService.h; path = ../RequestCounterService/YPPRequestCounterService.h; sourceTree = SOURCE_ROOT; };
		DF20929C18D357A80093D3DC /* YPPResetRequestHandler.cpp */ = {isa = PBXFileReference; fileEncoding = 4; lastKnownFileType = sourcecode.cpp.cpp; name = YPPResetRequestHandler.cpp; path = ../RequestCounterService/YPPResetRequestHandler.cpp; sourceTree = SOURCE_ROOT; };
		DF20929D18D357A80093D3DC /* YPPResetRequestHandler.h */ = {isa = PBXFileReference; fileEncoding = 4; lastKnownFileType = sourcecode.c.h; name = YPPResetRequestHandler.h; path = ../RequestCounterService/YPPResetRequestHandler.h; sourceTree = SOURCE_ROOT; };
		DF20929E18D357A80093D3DC /* YPPStatsRequestHandler.cpp */ = {isa = PBXFileReference; fileEncoding = 4; lastKnownFileType = sourcecode.cpp.cpp; name = YPPStatsRequestHandler.cpp; path = ../RequestCounterService/YPPStatsRequestHandler.cpp; sourceTree = SOURCE_ROOT; };
		DF20929F18D357A80093D3DC /* YPPStatsRequestHandler.h */ = {isa = PBXFileReference; fileEncoding = 4; lastKnownFileType = sourcecode.c.h; name = YPPStatsRequestHandler.h; path = ../RequestCounterService/YPPStatsRequestHandler.h; sourceTree = SOURCE_ROOT; };
		DF2092A018D35D720093D3DC /* YPPRegistryTest.cpp */ = {isa = PBXFileReference; fileEncoding = 4; lastKnownFileType = sourcecode.cpp.cpp; name = YPPRegistryTest.cpp; path = ../RegistryService/YPPRegistryTest.cpp; sourceTree = SOURCE_ROOT; };
		DF2092A218D3626D0093D3DC /* CMakeLists.txt */ = {isa = PBXFileReference; fileEncoding = 4; lastKnownFileType = text; lineEnding = 0; name = CMakeLists.txt; path = ../RegistryService/RegistryTests/CMakeLists.txt; sourceTree = SOURCE_ROOT; };
		DF2092A318D3626D0093D3DC /* YPPTTest14EchoRequestHandler.cpp */ = {isa = PBXFileReference; fileEncoding = 4; lastKnownFileType = sourcecode.cpp.cpp; name = YPPTTest14EchoRequestHandler.cpp; path = ../RegistryService/RegistryTests/YPPTTest14EchoRequestHandler.cpp; sourceTree = SOURCE_ROOT; };
		DF2092A418D3626D0093D3DC /* YPPTTest14EchoRequestHandler.h */ = {isa = PBXFileReference; fileEncoding = 4; lastKnownFileType = sourcecode.c.h; name = YPPTTest14EchoRequestHandler.h; path = ../RegistryService/RegistryTests/YPPTTest14EchoRequestHandler.h; sourceTree = SOURCE_ROOT; };
		DF2092A518D3626D0093D3DC /* YPPTTest14Service.cpp */ = {isa = PBXFileReference; fileEncoding = 4; lastKnownFileType = sourcecode.cpp.cpp; name = YPPTTest14Service.cpp; path = ../RegistryService/RegistryTests/YPPTTest14Service.cpp; sourceTree = SOURCE_ROOT; };
		DF2092A618D3626D0093D3DC /* YPPTTest14Service.h */ = {isa = PBXFileReference; fileEncoding = 4; lastKnownFileType = sourcecode.c.h; name = YPPTTest14Service.h; path = ../RegistryService/RegistryTests/YPPTTest14Service.h; sourceTree = SOURCE_ROOT; };
		DF2092A718D3626D0093D3DC /* YPPTTest15EchoRequestHandler.cpp */ = {isa = PBXFileReference; fileEncoding = 4; lastKnownFileType = sourcecode.cpp.cpp; name = YPPTTest15EchoRequestHandler.cpp; path = ../RegistryService/RegistryTests/YPPTTest15EchoRequestHandler.cpp; sourceTree = SOURCE_ROOT; };
		DF2092A818D3626D0093D3DC /* YPPTTest15EchoRequestHandler.h */ = {isa = PBXFileReference; fileEncoding = 4; lastKnownFileType = sourcecode.c.h; name = YPPTTest15EchoRequestHandler.h; path = ../RegistryService/RegistryTests/YPPTTest15EchoRequestHandler.h; sourceTree = SOURCE_ROOT; };
		DF2092A918D3626D0093D3DC /* YPPTTest15Service.cpp */ = {isa = PBXFileReference; fileEncoding = 4; lastKnownFileType = sourcecode.cpp.cpp; name = YPPTTest15Service.cpp; path = ../RegistryService/RegistryTests/YPPTTest15Service.cpp; sourceTree = SOURCE_ROOT; };
		DF2092AA18D3626D0093D3DC /* YPPTTest15Service.h */ = {isa = PBXFileReference; fileEncoding = 4; lastKnownFileType = sourcecode.c.h; name = YPPTTest15Service.h; path = ../RegistryService/RegistryTests/YPPTTest15Service.h; sourceTree = SOURCE_ROOT; };
		DF2092AB18D3626D0093D3DC /* YPPTTest16EchoRequestHandler.cpp */ = {isa = PBXFileReference; fileEncoding = 4; lastKnownFileType = sourcecode.cpp.cpp; name = YPPTTest16EchoRequestHandler.cpp; path = ../RegistryService/RegistryTests/YPPTTest16EchoRequestHandler.cpp; sourceTree = SOURCE_ROOT; };
		DF2092AC18D3626D0093D3DC /* YPPTTest16EchoRequestHandler.h */ = {isa = PBXFileReference; fileEncoding = 4; lastKnownFileType = sourcecode.c.h; name = YPPTTest16EchoRequestHandler.h; path = ../RegistryService/RegistryTests/YPPTTest16EchoRequestHandler.h; sourceTree = SOURCE_ROOT; };
		DF2092AD18D3626D0093D3DC /* YPPTTest16Service.cpp */ = {isa = PBXFileReference; fileEncoding = 4; lastKnownFileType = sourcecode.cpp.cpp; name = YPPTTest16Service.cpp; path = ../RegistryService/RegistryTests/YPPTTest16Service.cpp; sourceTree = SOURCE_ROOT; };
		DF2092AE18D3626D0093D3DC /* YPPTTest16Service.h */ = {isa = PBXFileReference; fileEncoding = 4; lastKnownFileType = sourcecode.c.h; name = YPPTTest16Service.h; path = ../RegistryService/RegistryTests/YPPTTest16Service.h; sourceTree = SOURCE_ROOT; };
		DF2092AF18D362890093D3DC /* CMakeLists.txt */ = {isa = PBXFileReference; fileEncoding = 4; lastKnownFileType = text; lineEnding = 0; name = CMakeLists.txt; path = ../Common/CommonTests/CMakeLists.txt; sourceTree = SOURCE_ROOT; };
		DF2092B118D362890093D3DC /* YPPTEndpointStatusReporter.cpp */ = {isa = PBXFileReference; fileEncoding = 4; lastKnownFileType = sourcecode.cpp.cpp; name = YPPTEndpointStatusReporter.cpp; path = ../Common/CommonTests/YPPTEndpointStatusReporter.cpp; sourceTree = SOURCE_ROOT; };
		DF2092B218D362890093D3DC /* YPPTEndpointStatusReporter.h */ = {isa = PBXFileReference; fileEncoding = 4; lastKnownFileType = sourcecode.c.h; name = YPPTEndpointStatusReporter.h; path = ../Common/CommonTests/YPPTEndpointStatusReporter.h; sourceTree = SOURCE_ROOT; };
		DF2092B318D362890093D3DC /* YPPTTest03Handler.cpp */ = {isa = PBXFileReference; fileEncoding = 4; lastKnownFileType = sourcecode.cpp.cpp; name = YPPTTest03Handler.cpp; path = ../Common/CommonTests/YPPTTest03Handler.cpp; sourceTree = SOURCE_ROOT; };
		DF2092B418D362890093D3DC /* YPPTTest03Handler.h */ = {isa = PBXFileReference; fileEncoding = 4; lastKnownFileType = sourcecode.c.h; name = YPPTTest03Handler.h; path = ../Common/CommonTests/YPPTTest03Handler.h; sourceTree = SOURCE_ROOT; };
		DF2092B518D362890093D3DC /* YPPTTest04Handler.cpp */ = {isa = PBXFileReference; fileEncoding = 4; lastKnownFileType = sourcecode.cpp.cpp; name = YPPTTest04Handler.cpp; path = ../Common/CommonTests/YPPTTest04Handler.cpp; sourceTree = SOURCE_ROOT; };
		DF2092B618D362890093D3DC /* YPPTTest04Handler.h */ = {isa = PBXFileReference; fileEncoding = 4; lastKnownFileType = sourcecode.c.h; name = YPPTTest04Handler.h; path = ../Common/CommonTests/YPPTTest04Handler.h; sourceTree = SOURCE_ROOT; };
		DF2092B718D362890093D3DC /* YPPTTest05Handler.cpp */ = {isa = PBXFileReference; fileEncoding = 4; lastKnownFileType = sourcecode.cpp.cpp; name = YPPTTest05Handler.cpp; path = ../Common/CommonTests/YPPTTest05Handler.cpp; sourceTree = SOURCE_ROOT; };
		DF2092B818D362890093D3DC /* YPPTTest05Handler.h */ = {isa = PBXFileReference; fileEncoding = 4; lastKnownFileType = sourcecode.c.h; name = YPPTTest05Handler.h; path = ../Common/CommonTests/YPPTTest05Handler.h; sourceTree = SOURCE_ROOT; };
		DF2092B918D362890093D3DC /* YPPTTest05HandlerCreator.cpp */ = {isa = PBXFileReference; fileEncoding = 4; lastKnownFileType = sourcecode.cpp.cpp; name = YPPTTest05HandlerCreator.cpp; path = ../Common/CommonTests/YPPTTest05HandlerCreator.cpp; sourceTree = SOURCE_ROOT; };
		DF2092BA18D362890093D3DC /* YPPTTest05HandlerCreator.h */ = {isa = PBXFileReference; fileEncoding = 4; lastKnownFileType = sourcecode.c.h; name = YPPTTest05HandlerCreator.h; path = ../Common/CommonTests/YPPTTest05HandlerCreator.h; sourceTree = SOURCE_ROOT; };
		DF2092BB18D362890093D3DC /* YPPTTest08Handler.cpp */ = {isa = PBXFileReference; fileEncoding = 4; lastKnownFileType = sourcecode.cpp.cpp; name = YPPTTest08Handler.cpp; path = ../Common/CommonTests/YPPTTest08Handler.cpp; sourceTree = SOURCE_ROOT; };
		DF2092BC18D362890093D3DC /* YPPTTest08Handler.h */ = {isa = PBXFileReference; fileEncoding = 4; lastKnownFileType = sourcecode.c.h; name = YPPTTest08Handler.h; path = ../Common/CommonTests/YPPTTest08Handler.h; sourceTree = SOURCE_ROOT; };
		DF2092BD18D362890093D3DC /* YPPTTest09DefaultRequestHandler.cpp */ = {isa = PBXFileReference; fileEncoding = 4; lastKnownFileType = sourcecode.cpp.cpp; name = YPPTTest09DefaultRequestHandler.cpp; path = ../Common/CommonTests/YPPTTest09DefaultRequestHandler.cpp; sourceTree = SOURCE_ROOT; };
		DF2092BE18D362890093D3DC /* YPPTTest09DefaultRequestHandler.h */ = {isa = PBXFileReference; fileEncoding = 4; lastKnownFileType = sourcecode.c.h; name = YPPTTest09DefaultRequestHandler.h; path = ../Common/CommonTests/YPPTTest09DefaultRequestHandler.h; sourceTree = SOURCE_ROOT; };
		DF2092BF18D362890093D3DC /* YPPTTest09Service.cpp */ = {isa = PBXFileReference; fileEncoding = 4; lastKnownFileType = sourcecode.cpp.cpp; name = YPPTTest09Service.cpp; path = ../Common/CommonTests/YPPTTest09Service.cpp; sourceTree = SOURCE_ROOT; };
		DF2092C018D362890093D3DC /* YPPTTest09Service.h */ = {isa = PBXFileReference; fileEncoding = 4; lastKnownFileType = sourcecode.c.h; name = YPPTTest09Service.h; path = ../Common/CommonTests/YPPTTest09Service.h; sourceTree = SOURCE_ROOT; };
		DF2092C118D362890093D3DC /* YPPTTest10DefaultRequestHandler.cpp */ = {isa = PBXFileReference; fileEncoding = 4; lastKnownFileType = sourcecode.cpp.cpp; name = YPPTTest10DefaultRequestHandler.cpp; path = ../Common/CommonTests/YPPTTest10DefaultRequestHandler.cpp; sourceTree = SOURCE_ROOT; };
		DF2092C218D362890093D3DC /* YPPTTest10DefaultRequestHandler.h */ = {isa = PBXFileReference; fileEncoding = 4; lastKnownFileType = sourcecode.c.h; name = YPPTTest10DefaultRequestHandler.h; path = ../Common/CommonTests/YPPTTest10DefaultRequestHandler.h; sourceTree = SOURCE_ROOT; };
		DF2092C318D362890093D3DC /* YPPTTest10Service.cpp */ = {isa = PBXFileReference; fileEncoding = 4; lastKnownFileType = sourcecode.cpp.cpp; name = YPPTTest10Service.cpp; path = ../Common/CommonTests/YPPTTest10Service.cpp; sourceTree = SOURCE_ROOT; };
		DF2092C418D362890093D3DC /* YPPTTest10Service.h */ = {isa = PBXFileReference; fileEncoding = 4; lastKnownFileType = sourcecode.c.h; name = YPPTTest10Service.h; path = ../Common/CommonTests/YPPTTest10Service.h; sourceTree = SOURCE_ROOT; };
		DF2092C518D362890093D3DC /* YPPTTest11EchoRequestHandler.cpp */ = {isa = PBXFileReference; fileEncoding = 4; lastKnownFileType = sourcecode.cpp.cpp; name = YPPTTest11EchoRequestHandler.cpp; path = ../Common/CommonTests/YPPTTest11EchoRequestHandler.cpp; sourceTree = SOURCE_ROOT; };
		DF2092C618D362890093D3DC /* YPPTTest11EchoRequestHandler.h */ = {isa = PBXFileReference; fileEncoding = 4; lastKnownFileType = sourcecode.c.h; name = YPPTTest11EchoRequestHandler.h; path = ../Common/CommonTests/YPPTTest11EchoRequestHandler.h; sourceTree = SOURCE_ROOT; };
		DF2092C718D362890093D3DC /* YPPTTest11Service.cpp */ = {isa = PBXFileReference; fileEncoding = 4; lastKnownFileType = sourcecode.cpp.cpp; name = YPPTTest11Service.cpp; path = ../Common/CommonTests/YPPTTest11Service.cpp; sourceTree = SOURCE_ROOT; };
		DF2092C818D362890093D3DC /* YPPTTest11Service.h */ = {isa = PBXFileReference; fileEncoding = 4; lastKnownFileType = sourcecode.c.h; name = YPPTTest11Service.h; path = ../Common/CommonTests/YPPTTest11Service.h; sourceTree = SOURCE_ROOT; };
		DF2092C918D362890093D3DC /* YPPTTest12EchoRequestHandler.cpp */ = {isa = PBXFileReference; fileEncoding = 4; lastKnownFileType = sourcecode.cpp.cpp; name = YPPTTest12EchoRequestHandler.cpp; path = ../Common/CommonTests/YPPTTest12EchoRequestHandler.cpp; sourceTree = SOURCE_ROOT; };
		DF2092CA18D362890093D3DC /* YPPTTest12EchoRequestHandler.h */ = {isa = PBXFileReference; fileEncoding = 4; lastKnownFileType = sourcecode.c.h; name = YPPTTest12EchoRequestHandler.h; path = ../Common/CommonTests/YPPTTest12EchoRequestHandler.h; sourceTree = SOURCE_ROOT; };
		DF2092CB18D362890093D3DC /* YPPTTest12Service.cpp */ = {isa = PBXFileReference; fileEncoding = 4; lastKnownFileType = sourcecode.cpp.cpp; name = YPPTTest12Service.cpp; path = ../Common/CommonTests/YPPTTest12Service.cpp; sourceTree = SOURCE_ROOT; };
		DF2092CC18D362890093D3DC /* YPPTTest12Service.h */ = {isa = PBXFileReference; fileEncoding = 4; lastKnownFileType = sourcecode.c.h; name = YPPTTest12Service.h; path = ../Common/CommonTests/YPPTTest12Service.h; sourceTree = SOURCE_ROOT; };
		DF2092CE18D371ED0093D3DC /* CMakeLists.txt */ = {isa = PBXFileReference; fileEncoding = 4; lastKnownFileType = text; lineEnding = 0; name = CMakeLists.txt; path = ../RequestCounterClient/CMakeLists.txt; sourceTree = SOURCE_ROOT; };
		DF2092CF18D371ED0093D3DC /* main.cpp */ = {isa = PBXFileReference; fileEncoding = 4; lastKnownFileType = sourcecode.cpp.cpp; lineEnding = 0; name = main.cpp; path = ../RequestCounterClient/main.cpp; sourceTree = SOURCE_ROOT; xcLanguageSpecificationIdentifier = xcode.lang.cpp; };
		DF2092D018D371ED0093D3DC /* YPPRequestCounterClient.cpp */ = {isa = PBXFileReference; fileEncoding = 4; lastKnownFileType = sourcecode.cpp.cpp; name = YPPRequestCounterClient.cpp; path = ../RequestCounterClient/YPPRequestCounterClient.cpp; sourceTree = SOURCE_ROOT; };
		DF2092D118D371ED0093D3DC /* YPPRequestCounterClient.h */ = {isa = PBXFileReference; fileEncoding = 4; lastKnownFileType = sourcecode.c.h; name = YPPRequestCounterClient.h; path = ../RequestCounterClient/YPPRequestCounterClient.h; sourceTree = SOURCE_ROOT; };
		DF2092D218D37F820093D3DC /* YPPRequestCounterRequests.h */ = {isa = PBXFileReference; fileEncoding = 4; lastKnownFileType = sourcecode.c.h; name = YPPRequestCounterRequests.h; path = ../RequestCounterService/YPPRequestCounterRequests.h; sourceTree = "<group>"; };
		DF2092D518D39D4F0093D3DC /* YPPNameRequestHandler.cpp */ = {isa = PBXFileReference; fileEncoding = 4; lastKnownFileType = sourcecode.cpp.cpp; name = YPPNameRequestHandler.cpp; path = ../Common/YPPNameRequestHandler.cpp; sourceTree = SOURCE_ROOT; };
		DF2092D618D39D4F0093D3DC /* YPPNameRequestHandler.h */ = {isa = PBXFileReference; fileEncoding = 4; lastKnownFileType = sourcecode.c.h; name = YPPNameRequestHandler.h; path = ../Common/YPPNameRequestHandler.h; sourceTree = SOURCE_ROOT; };
		DF2092D718D8BC570093D3DC /* YPPBaseContext.cpp */ = {isa = PBXFileReference; fileEncoding = 4; lastKnownFileType = sourcecode.cpp.cpp; lineEnding = 0; name = YPPBaseContext.cpp; path = ../Common/YPPBaseContext.cpp; sourceTree = SOURCE_ROOT; xcLanguageSpecificationIdentifier = xcode.lang.cpp; };
		DF2092D818D8BC570093D3DC /* YPPBaseContext.h */ = {isa = PBXFileReference; fileEncoding = 4; lastKnownFileType = sourcecode.c.h; name = YPPBaseContext.h; path = ../Common/YPPBaseContext.h; sourceTree = SOURCE_ROOT; };
		DF2092EE18DA03160093D3DC /* YPPCommon.cpp */ = {isa = PBXFileReference; fileEncoding = 4; lastKnownFileType = sourcecode.cpp.cpp; lineEnding = 0; name = YPPCommon.cpp; path = ../Common/YPPCommon.cpp; sourceTree = "<group>"; xcLanguageSpecificationIdentifier = xcode.lang.cpp; };
		DF27F42818CA358C00E93C95 /* CMakeLists.txt */ = {isa = PBXFileReference; fileEncoding = 4; lastKnownFileType = text; lineEnding = 0; name = CMakeLists.txt; path = ../Parser/CMakeLists.txt; sourceTree = SOURCE_ROOT; };
		DF27F42918CA36C200E93C95 /* YPPMatchValue.cpp */ = {isa = PBXFileReference; fileEncoding = 4; lastKnownFileType = sourcecode.cpp.cpp; lineEnding = 0; name = YPPMatchValue.cpp; path = ../Parser/YPPMatchValue.cpp; sourceTree = SOURCE_ROOT; xcLanguageSpecificationIdentifier = xcode.lang.cpp; };
		DF27F42A18CA36C200E93C95 /* YPPMatchValue.h */ = {isa = PBXFileReference; fileEncoding = 4; lastKnownFileType = sourcecode.c.h; lineEnding = 0; name = YPPMatchValue.h; path = ../Parser/YPPMatchValue.h; sourceTree = SOURCE_ROOT; xcLanguageSpecificationIdentifier = xcode.lang.objcpp; };
		DF27F42B18CA377A00E93C95 /* CMakeLists.txt */ = {isa = PBXFileReference; fileEncoding = 4; lastKnownFileType = text; lineEnding = 0; name = CMakeLists.txt; path = ../CMakeLists.txt; sourceTree = SOURCE_ROOT; };
		DF27F42C18CA37E000E93C95 /* CMakeLists.txt */ = {isa = PBXFileReference; fileEncoding = 4; lastKnownFileType = text; lineEnding = 0; name = CMakeLists.txt; path = ../RegistryService/CMakeLists.txt; sourceTree = SOURCE_ROOT; };
		DF27F42D18CA3BBA00E93C95 /* YPPBaseMatcher.cpp */ = {isa = PBXFileReference; fileEncoding = 4; lastKnownFileType = sourcecode.cpp.cpp; lineEnding = 0; name = YPPBaseMatcher.cpp; path = ../Parser/YPPBaseMatcher.cpp; sourceTree = SOURCE_ROOT; xcLanguageSpecificationIdentifier = xcode.lang.cpp; };
		DF27F42E18CA3BBA00E93C95 /* YPPBaseMatcher.h */ = {isa = PBXFileReference; fileEncoding = 4; lastKnownFileType = sourcecode.c.h; lineEnding = 0; name = YPPBaseMatcher.h; path = ../Parser/YPPBaseMatcher.h; sourceTree = SOURCE_ROOT; xcLanguageSpecificationIdentifier = xcode.lang.objcpp; };
		DF27F42F18CA3DCC00E93C95 /* YPPParserTest.cpp */ = {isa = PBXFileReference; fileEncoding = 4; lastKnownFileType = sourcecode.cpp.cpp; name = YPPParserTest.cpp; path = ../Parser/YPPParserTest.cpp; sourceTree = SOURCE_ROOT; };
		DF27F43018CA593500E93C95 /* YPPMatchValueList.cpp */ = {isa = PBXFileReference; fileEncoding = 4; lastKnownFileType = sourcecode.cpp.cpp; lineEnding = 0; name = YPPMatchValueList.cpp; path = ../Parser/YPPMatchValueList.cpp; sourceTree = SOURCE_ROOT; xcLanguageSpecificationIdentifier = xcode.lang.cpp; };
		DF27F43118CA593500E93C95 /* YPPMatchValueList.h */ = {isa = PBXFileReference; fileEncoding = 4; lastKnownFileType = sourcecode.c.h; lineEnding = 0; name = YPPMatchValueList.h; path = ../Parser/YPPMatchValueList.h; sourceTree = SOURCE_ROOT; xcLanguageSpecificationIdentifier = xcode.lang.objcpp; };
		DF27F43218CA729700E93C95 /* YPPMatchFieldName.cpp */ = {isa = PBXFileReference; fileEncoding = 4; lastKnownFileType = sourcecode.cpp.cpp; lineEnding = 0; name = YPPMatchFieldName.cpp; path = ../Parser/YPPMatchFieldName.cpp; sourceTree = SOURCE_ROOT; xcLanguageSpecificationIdentifier = xcode.lang.cpp; };
		DF27F43318CA729700E93C95 /* YPPMatchFieldName.h */ = {isa = PBXFileReference; fileEncoding = 4; lastKnownFileType = sourcecode.c.h; lineEnding = 0; name = YPPMatchFieldName.h; path = ../Parser/YPPMatchFieldName.h; sourceTree = SOURCE_ROOT; xcLanguageSpecificationIdentifier = xcode.lang.objcpp; };
		DF27F43418CA7EC500E93C95 /* YPPMatchFieldWithValues.cpp */ = {isa = PBXFileReference; fileEncoding = 4; lastKnownFileType = sourcecode.cpp.cpp; lineEnding = 0; name = YPPMatchFieldWithValues.cpp; path = ../Parser/YPPMatchFieldWithValues.cpp; sourceTree = SOURCE_ROOT; xcLanguageSpecificationIdentifier = xcode.lang.cpp; };
		DF27F43518CA7EC500E93C95 /* YPPMatchFieldWithValues.h */ = {isa = PBXFileReference; fileEncoding = 4; lastKnownFileType = sourcecode.c.h; lineEnding = 0; name = YPPMatchFieldWithValues.h; path = ../Parser/YPPMatchFieldWithValues.h; sourceTree = SOURCE_ROOT; xcLanguageSpecificationIdentifier = xcode.lang.objcpp; };
		DF27F43618CE2A7B00E93C95 /* YPPMatchConstraint.cpp */ = {isa = PBXFileReference; fileEncoding = 4; lastKnownFileType = sourcecode.cpp.cpp; lineEnding = 0; name = YPPMatchConstraint.cpp; path = ../Parser/YPPMatchConstraint.cpp; sourceTree = SOURCE_ROOT; xcLanguageSpecificationIdentifier = xcode.lang.cpp; };
		DF27F43718CE2A7B00E93C95 /* YPPMatchConstraint.h */ = {isa = PBXFileReference; fileEncoding = 4; lastKnownFileType = sourcecode.c.h; lineEnding = 0; name = YPPMatchConstraint.h; path = ../Parser/YPPMatchConstraint.h; sourceTree = SOURCE_ROOT; xcLanguageSpecificationIdentifier = xcode.lang.objcpp; };
		DF27F43818CE39BC00E93C95 /* YPPMatchExpression.cpp */ = {isa = PBXFileReference; fileEncoding = 4; lastKnownFileType = sourcecode.cpp.cpp; lineEnding = 0; name = YPPMatchExpression.cpp; path = ../Parser/YPPMatchExpression.cpp; sourceTree = SOURCE_ROOT; xcLanguageSpecificationIdentifier = xcode.lang.cpp; };
		DF27F43918CE39BC00E93C95 /* YPPMatchExpression.h */ = {isa = PBXFileReference; fileEncoding = 4; lastKnownFileType = sourcecode.c.h; lineEnding = 0; name = YPPMatchExpression.h; path = ../Parser/YPPMatchExpression.h; sourceTree = SOURCE_ROOT; xcLanguageSpecificationIdentifier = xcode.lang.objcpp; };
		DF27F43A18CE48E000E93C95 /* YPPMatchRequestHandler.cpp */ = {isa = PBXFileReference; fileEncoding = 4; lastKnownFileType = sourcecode.cpp.cpp; lineEnding = 0; name = YPPMatchRequestHandler.cpp; path = ../RegistryService/YPPMatchRequestHandler.cpp; sourceTree = SOURCE_ROOT; xcLanguageSpecificationIdentifier = xcode.lang.cpp; };
		DF27F43B18CE48E000E93C95 /* YPPMatchRequestHandler.h */ = {isa = PBXFileReference; fileEncoding = 4; lastKnownFileType = sourcecode.c.h; name = YPPMatchRequestHandler.h; path = ../RegistryService/YPPMatchRequestHandler.h; sourceTree = SOURCE_ROOT; };
		DFA3431318C91B7E0053B87C /* main.cpp */ = {isa = PBXFileReference; fileEncoding = 4; lastKnownFileType = sourcecode.cpp.cpp; lineEnding = 0; name = main.cpp; path = ../RegistryService/main.cpp; sourceTree = SOURCE_ROOT; xcLanguageSpecificationIdentifier = xcode.lang.cpp; };
		DFA3432118C91C150053B87C /* CMakeLists.txt */ = {isa = PBXFileReference; fileEncoding = 4; lastKnownFileType = text; lineEnding = 0; name = CMakeLists.txt; path = ../Debugging/CMakeLists.txt; sourceTree = SOURCE_ROOT; };
		DFA3432218C91C150053B87C /* ODLogging.cpp */ = {isa = PBXFileReference; fileEncoding = 4; lastKnownFileType = sourcecode.cpp.cpp; lineEnding = 0; name = ODLogging.cpp; path = ../Debugging/ODLogging.cpp; sourceTree = SOURCE_ROOT; xcLanguageSpecificationIdentifier = xcode.lang.cpp; };
		DFA3432318C91C150053B87C /* ODLogging.h */ = {isa = PBXFileReference; fileEncoding = 4; lastKnownFileType = sourcecode.c.h; lineEnding = 0; name = ODLogging.h; path = ../Debugging/ODLogging.h; sourceTree = SOURCE_ROOT; xcLanguageSpecificationIdentifier = xcode.lang.objcpp; };
		DFA3432418C91C150053B87C /* ODLogging.inc */ = {isa = PBXFileReference; fileEncoding = 4; lastKnownFileType = sourcecode.pascal; lineEnding = 0; name = ODLogging.inc; path = ../Debugging/ODLogging.inc; sourceTree = SOURCE_ROOT; };
		DFA3432518C91C150053B87C /* ODLogging.m */ = {isa = PBXFileReference; fileEncoding = 4; lastKnownFileType = sourcecode.c.objc; lineEnding = 0; name = ODLogging.m; path = ../Debugging/ODLogging.m; sourceTree = SOURCE_ROOT; xcLanguageSpecificationIdentifier = xcode.lang.objc; };
		DFA3432718C91C5A0053B87C /* CMakeLists.txt */ = {isa = PBXFileReference; fileEncoding = 4; lastKnownFileType = text; lineEnding = 0; name = CMakeLists.txt; path = ../Common/CMakeLists.txt; sourceTree = SOURCE_ROOT; };
		DFA3432818C91C5A0053B87C /* YPPBaseClient.cpp */ = {isa = PBXFileReference; fileEncoding = 4; lastKnownFileType = sourcecode.cpp.cpp; lineEnding = 0; name = YPPBaseClient.cpp; path = ../Common/YPPBaseClient.cpp; sourceTree = SOURCE_ROOT; xcLanguageSpecificationIdentifier = xcode.lang.cpp; };
		DFA3432918C91C5A0053B87C /* YPPBaseClient.h */ = {isa = PBXFileReference; fileEncoding = 4; lastKnownFileType = sourcecode.c.h; lineEnding = 0; name = YPPBaseClient.h; path = ../Common/YPPBaseClient.h; sourceTree = SOURCE_ROOT; xcLanguageSpecificationIdentifier = xcode.lang.objcpp; };
		DFA3432A18C91C5A0053B87C /* YPPBaseService.cpp */ = {isa = PBXFileReference; fileEncoding = 4; lastKnownFileType = sourcecode.cpp.cpp; lineEnding = 0; name = YPPBaseService.cpp; path = ../Common/YPPBaseService.cpp; sourceTree = SOURCE_ROOT; xcLanguageSpecificationIdentifier = xcode.lang.cpp; };
		DFA3432B18C91C5A0053B87C /* YPPBaseService.h */ = {isa = PBXFileReference; fileEncoding = 4; lastKnownFileType = sourcecode.c.h; lineEnding = 0; name = YPPBaseService.h; path = ../Common/YPPBaseService.h; sourceTree = SOURCE_ROOT; xcLanguageSpecificationIdentifier = xcode.lang.objcpp; };
		DFA3432C18C91C5A0053B87C /* YPPBaseServiceInputHandler.cpp */ = {isa = PBXFileReference; fileEncoding = 4; lastKnownFileType = sourcecode.cpp.cpp; lineEnding = 0; name = YPPBaseServiceInputHandler.cpp; path = ../Common/YPPBaseServiceInputHandler.cpp; sourceTree = SOURCE_ROOT; xcLanguageSpecificationIdentifier = xcode.lang.cpp; };
		DFA3432D18C91C5A0053B87C /* YPPBaseServiceInputHandler.h */ = {isa = PBXFileReference; fileEncoding = 4; lastKnownFileType = sourcecode.c.h; lineEnding = 0; name = YPPBaseServiceInputHandler.h; path = ../Common/YPPBaseServiceInputHandler.h; sourceTree = SOURCE_ROOT; xcLanguageSpecificationIdentifier = xcode.lang.objcpp; };
		DFA3432E18C91C5A0053B87C /* YPPBaseServiceInputHandlerCreator.cpp */ = {isa = PBXFileReference; fileEncoding = 4; lastKnownFileType = sourcecode.cpp.cpp; lineEnding = 0; name = YPPBaseServiceInputHandlerCreator.cpp; path = ../Common/YPPBaseServiceInputHandlerCreator.cpp; sourceTree = SOURCE_ROOT; xcLanguageSpecificationIdentifier = xcode.lang.cpp; };
		DFA3432F18C91C5A0053B87C /* YPPBaseServiceInputHandlerCreator.h */ = {isa = PBXFileReference; fileEncoding = 4; lastKnownFileType = sourcecode.c.h; lineEnding = 0; name = YPPBaseServiceInputHandlerCreator.h; path = ../Common/YPPBaseServiceInputHandlerCreator.h; sourceTree = SOURCE_ROOT; xcLanguageSpecificationIdentifier = xcode.lang.objcpp; };
		DFA3433018C91C5A0053B87C /* YPPCommon.h */ = {isa = PBXFileReference; fileEncoding = 4; lastKnownFileType = sourcecode.c.h; lineEnding = 0; name = YPPCommon.h; path = ../Common/YPPCommon.h; sourceTree = SOURCE_ROOT; xcLanguageSpecificationIdentifier = xcode.lang.objcpp; };
		DFA3433118C91C5A0053B87C /* YPPCommonTest.cpp */ = {isa = PBXFileReference; fileEncoding = 4; lastKnownFileType = sourcecode.cpp.cpp; lineEnding = 0; name = YPPCommonTest.cpp; path = ../Common/YPPCommonTest.cpp; sourceTree = SOURCE_ROOT; xcLanguageSpecificationIdentifier = xcode.lang.cpp; };
		DFA3433218C91C5A0053B87C /* YPPConfig.h */ = {isa = PBXFileReference; fileEncoding = 4; lastKnownFileType = sourcecode.c.h; lineEnding = 0; name = YPPConfig.h; path = ../Common/YPPConfig.h; sourceTree = SOURCE_ROOT; xcLanguageSpecificationIdentifier = xcode.lang.objcpp; };
		DFA3433318C91C5A0053B87C /* YPPConfig.h.in */ = {isa = PBXFileReference; fileEncoding = 4; lastKnownFileType = text; lineEnding = 0; name = YPPConfig.h.in; path = ../Common/YPPConfig.h.in; sourceTree = SOURCE_ROOT; };
		DFA3433418C91C5A0053B87C /* YPPEndpoint.cpp */ = {isa = PBXFileReference; fileEncoding = 4; lastKnownFileType = sourcecode.cpp.cpp; lineEnding = 0; name = YPPEndpoint.cpp; path = ../Common/YPPEndpoint.cpp; sourceTree = SOURCE_ROOT; xcLanguageSpecificationIdentifier = xcode.lang.cpp; };
		DFA3433518C91C5A0053B87C /* YPPEndpoint.h */ = {isa = PBXFileReference; fileEncoding = 4; lastKnownFileType = sourcecode.c.h; lineEnding = 0; name = YPPEndpoint.h; path = ../Common/YPPEndpoint.h; sourceTree = SOURCE_ROOT; xcLanguageSpecificationIdentifier = xcode.lang.objcpp; };
		DFA3433618C91C5A0053B87C /* YPPException.cpp */ = {isa = PBXFileReference; fileEncoding = 4; lastKnownFileType = sourcecode.cpp.cpp; name = YPPException.cpp; path = ../Common/YPPException.cpp; sourceTree = SOURCE_ROOT; };
		DFA3433718C91C5A0053B87C /* YPPException.h */ = {isa = PBXFileReference; fileEncoding = 4; lastKnownFileType = sourcecode.c.h; name = YPPException.h; path = ../Common/YPPException.h; sourceTree = SOURCE_ROOT; };
		DFA3433818C91C5A0053B87C /* YPPInfoRequestHandler.cpp */ = {isa = PBXFileReference; fileEncoding = 4; lastKnownFileType = sourcecode.cpp.cpp; name = YPPInfoRequestHandler.cpp; path = ../Common/YPPInfoRequestHandler.cpp; sourceTree = SOURCE_ROOT; };
		DFA3433918C91C5A0053B87C /* YPPInfoRequestHandler.h */ = {isa = PBXFileReference; fileEncoding = 4; lastKnownFileType = sourcecode.c.h; name = YPPInfoRequestHandler.h; path = ../Common/YPPInfoRequestHandler.h; sourceTree = SOURCE_ROOT; };
		DFA3433A18C91C5A0053B87C /* YPPInputHandler.cpp */ = {isa = PBXFileReference; fileEncoding = 4; lastKnownFileType = sourcecode.cpp.cpp; lineEnding = 0; name = YPPInputHandler.cpp; path = ../Common/YPPInputHandler.cpp; sourceTree = SOURCE_ROOT; xcLanguageSpecificationIdentifier = xcode.lang.cpp; };
		DFA3433B18C91C5A0053B87C /* YPPInputHandler.h */ = {isa = PBXFileReference; fileEncoding = 4; lastKnownFileType = sourcecode.c.h; name = YPPInputHandler.h; path = ../Common/YPPInputHandler.h; sourceTree = SOURCE_ROOT; };
		DFA3433C18C91C5A0053B87C /* YPPInputHandlerCreator.cpp */ = {isa = PBXFileReference; fileEncoding = 4; lastKnownFileType = sourcecode.cpp.cpp; name = YPPInputHandlerCreator.cpp; path = ../Common/YPPInputHandlerCreator.cpp; sourceTree = SOURCE_ROOT; };
		DFA3433D18C91C5A0053B87C /* YPPInputHandlerCreator.h */ = {isa = PBXFileReference; fileEncoding = 4; lastKnownFileType = sourcecode.c.h; name = YPPInputHandlerCreator.h; path = ../Common/YPPInputHandlerCreator.h; sourceTree = SOURCE_ROOT; };
		DFA3433E18C91C5A0053B87C /* YPPListRequestHandler.cpp */ = {isa = PBXFileReference; fileEncoding = 4; lastKnownFileType = sourcecode.cpp.cpp; name = YPPListRequestHandler.cpp; path = ../Common/YPPListRequestHandler.cpp; sourceTree = SOURCE_ROOT; };
		DFA3433F18C91C5A0053B87C /* YPPListRequestHandler.h */ = {isa = PBXFileReference; fileEncoding = 4; lastKnownFileType = sourcecode.c.h; name = YPPListRequestHandler.h; path = ../Common/YPPListRequestHandler.h; sourceTree = SOURCE_ROOT; };
		DFA3434018C91C5A0053B87C /* YPPRegisterRequestHandler.cpp */ = {isa = PBXFileReference; fileEncoding = 4; lastKnownFileType = sourcecode.cpp.cpp; lineEnding = 0; name = YPPRegisterRequestHandler.cpp; path = ../RegistryService/YPPRegisterRequestHandler.cpp; sourceTree = SOURCE_ROOT; xcLanguageSpecificationIdentifier = xcode.lang.cpp; };
		DFA3434118C91C5A0053B87C /* YPPRegisterRequestHandler.h */ = {isa = PBXFileReference; fileEncoding = 4; lastKnownFileType = sourcecode.c.h; name = YPPRegisterRequestHandler.h; path = ../RegistryService/YPPRegisterRequestHandler.h; sourceTree = SOURCE_ROOT; };
		DFA3434218C91C5A0053B87C /* YPPRegistryService.cpp */ = {isa = PBXFileReference; fileEncoding = 4; lastKnownFileType = sourcecode.cpp.cpp; name = YPPRegistryService.cpp; path = ../RegistryService/YPPRegistryService.cpp; sourceTree = SOURCE_ROOT; };
		DFA3434318C91C5A0053B87C /* YPPRegistryService.h */ = {isa = PBXFileReference; fileEncoding = 4; lastKnownFileType = sourcecode.c.h; name = YPPRegistryService.h; path = ../RegistryService/YPPRegistryService.h; sourceTree = SOURCE_ROOT; };
		DFA3434418C91C5A0053B87C /* YPPBaseRequestHandler.cpp */ = {isa = PBXFileReference; fileEncoding = 4; lastKnownFileType = sourcecode.cpp.cpp; lineEnding = 0; name = YPPBaseRequestHandler.cpp; path = ../Common/YPPBaseRequestHandler.cpp; sourceTree = SOURCE_ROOT; xcLanguageSpecificationIdentifier = xcode.lang.cpp; };
		DFA3434518C91C5A0053B87C /* YPPBaseRequestHandler.h */ = {isa = PBXFileReference; fileEncoding = 4; lastKnownFileType = sourcecode.c.h; lineEnding = 0; name = YPPBaseRequestHandler.h; path = ../Common/YPPBaseRequestHandler.h; sourceTree = SOURCE_ROOT; xcLanguageSpecificationIdentifier = xcode.lang.objcpp; };
		DFA3434618C91C5A0053B87C /* YPPRequestMap.cpp */ = {isa = PBXFileReference; fileEncoding = 4; lastKnownFileType = sourcecode.cpp.cpp; name = YPPRequestMap.cpp; path = ../Common/YPPRequestMap.cpp; sourceTree = SOURCE_ROOT; };
		DFA3434718C91C5A0053B87C /* YPPRequestMap.h */ = {isa = PBXFileReference; fileEncoding = 4; lastKnownFileType = sourcecode.c.h; name = YPPRequestMap.h; path = ../Common/YPPRequestMap.h; sourceTree = SOURCE_ROOT; };
		DFA3434818C91C5A0053B87C /* YPPRequests.h */ = {isa = PBXFileReference; fileEncoding = 4; lastKnownFileType = sourcecode.c.h; name = YPPRequests.h; path = ../Common/YPPRequests.h; sourceTree = SOURCE_ROOT; };
		DFA3434918C91C5A0053B87C /* YPPServiceRequest.cpp */ = {isa = PBXFileReference; fileEncoding = 4; lastKnownFileType = sourcecode.cpp.cpp; lineEnding = 0; name = YPPServiceRequest.cpp; path = ../Common/YPPServiceRequest.cpp; sourceTree = SOURCE_ROOT; xcLanguageSpecificationIdentifier = xcode.lang.cpp; };
		DFA3434A18C91C5A0053B87C /* YPPServiceRequest.h */ = {isa = PBXFileReference; fileEncoding = 4; lastKnownFileType = sourcecode.c.h; name = YPPServiceRequest.h; path = ../Common/YPPServiceRequest.h; sourceTree = SOURCE_ROOT; };
		DFA3434B18C91C5A0053B87C /* YPPServiceResponse.cpp */ = {isa = PBXFileReference; fileEncoding = 4; lastKnownFileType = sourcecode.cpp.cpp; name = YPPServiceResponse.cpp; path = ../Common/YPPServiceResponse.cpp; sourceTree = SOURCE_ROOT; };
		DFA3434C18C91C5A0053B87C /* YPPServiceResponse.h */ = {isa = PBXFileReference; fileEncoding = 4; lastKnownFileType = sourcecode.c.h; name = YPPServiceResponse.h; path = ../Common/YPPServiceResponse.h; sourceTree = SOURCE_ROOT; };
		DFA3434D18C91C5A0053B87C /* YPPUnregisterRequestHandler.cpp */ = {isa = PBXFileReference; fileEncoding = 4; lastKnownFileType = sourcecode.cpp.cpp; lineEnding = 0; name = YPPUnregisterRequestHandler.cpp; path = ../RegistryService/YPPUnregisterRequestHandler.cpp; sourceTree = SOURCE_ROOT; xcLanguageSpecificationIdentifier = xcode.lang.cpp; };
		DFA3434E18C91C5A0053B87C /* YPPUnregisterRequestHandler.h */ = {isa = PBXFileReference; fileEncoding = 4; lastKnownFileType = sourcecode.c.h; name = YPPUnregisterRequestHandler.h; path = ../RegistryService/YPPUnregisterRequestHandler.h; sourceTree = SOURCE_ROOT; };
		DFA86D1C18E0D3AE00A22941 /* YPPColumnNameValidator.cpp */ = {isa = PBXFileReference; fileEncoding = 4; lastKnownFileType = sourcecode.cpp.cpp; name = YPPColumnNameValidator.cpp; path = ../RegistryService/YPPColumnNameValidator.cpp; sourceTree = SOURCE_ROOT; };
		DFA86D1D18E0D3AE00A22941 /* YPPColumnNameValidator.h */ = {isa = PBXFileReference; fileEncoding = 4; lastKnownFileType = sourcecode.c.h; name = YPPColumnNameValidator.h; path = ../RegistryService/YPPColumnNameValidator.h; sourceTree = SOURCE_ROOT; };
		DFA86D2618E1D1AC00A22941 /* CMakeLists.txt */ = {isa = PBXFileReference; fileEncoding = 4; lastKnownFileType = text; name = CMakeLists.txt; path = ../examples/CMakeLists.txt; sourceTree = "<group>"; };
		DFA86D2718E1D2A600A22941 /* CMakeLists.txt */ = {isa = PBXFileReference; fileEncoding = 4; lastKnownFileType = text; name = CMakeLists.txt; path = ../examples/EchoClient/CMakeLists.txt; sourceTree = SOURCE_ROOT; };
		DFA86D2818E1D2A600A22941 /* main.cpp */ = {isa = PBXFileReference; fileEncoding = 4; lastKnownFileType = sourcecode.cpp.cpp; name = main.cpp; path = ../examples/EchoClient/main.cpp; sourceTree = SOURCE_ROOT; };
		DFA86D2918E1D2A600A22941 /* YPPEchoClient.cpp */ = {isa = PBXFileReference; fileEncoding = 4; lastKnownFileType = sourcecode.cpp.cpp; name = YPPEchoClient.cpp; path = ../examples/EchoClient/YPPEchoClient.cpp; sourceTree = SOURCE_ROOT; };
		DFA86D2A18E1D2A600A22941 /* YPPEchoClient.h */ = {isa = PBXFileReference; fileEncoding = 4; lastKnownFileType = sourcecode.c.h; name = YPPEchoClient.h; path = ../examples/EchoClient/YPPEchoClient.h; sourceTree = SOURCE_ROOT; };
		DFA86D3218E1D3FC00A22941 /* CMakeLists.txt */ = {isa = PBXFileReference; fileEncoding = 4; lastKnownFileType = text; name = CMakeLists.txt; path = ../examples/EchoService/CMakeLists.txt; sourceTree = SOURCE_ROOT; };
		DFA86D3318E1D3FC00A22941 /* main.cpp */ = {isa = PBXFileReference; fileEncoding = 4; lastKnownFileType = sourcecode.cpp.cpp; name = main.cpp; path = ../examples/EchoService/main.cpp; sourceTree = SOURCE_ROOT; };
		DFA86D3418E1D3FC00A22941 /* YPPEchoRequestHandler.cpp */ = {isa = PBXFileReference; fileEncoding = 4; lastKnownFileType = sourcecode.cpp.cpp; name = YPPEchoRequestHandler.cpp; path = ../examples/EchoService/YPPEchoRequestHandler.cpp; sourceTree = SOURCE_ROOT; };
		DFA86D3518E1D3FC00A22941 /* YPPEchoRequestHandler.h */ = {isa = PBXFileReference; fileEncoding = 4; lastKnownFileType = sourcecode.c.h; name = YPPEchoRequestHandler.h; path = ../examples/EchoService/YPPEchoRequestHandler.h; sourceTree = SOURCE_ROOT; };
		DFA86D3618E1D3FC00A22941 /* YPPEchoService.cpp */ = {isa = PBXFileReference; fileEncoding = 4; lastKnownFileType = sourcecode.cpp.cpp; name = YPPEchoService.cpp; path = ../examples/EchoService/YPPEchoService.cpp; sourceTree = SOURCE_ROOT; };
		DFA86D3718E1D3FC00A22941 /* YPPEchoService.h */ = {isa = PBXFileReference; fileEncoding = 4; lastKnownFileType = sourcecode.c.h; name = YPPEchoService.h; path = ../examples/EchoService/YPPEchoService.h; sourceTree = SOURCE_ROOT; };
		DFA86D3818E1D3FC00A22941 /* YPPEchoRequests.h */ = {isa = PBXFileReference; fileEncoding = 4; lastKnownFileType = sourcecode.c.h; name = YPPEchoRequests.h; path = ../examples/EchoService/YPPEchoRequests.h; sourceTree = SOURCE_ROOT; };
		DFA86D3918E1D6E600A22941 /* CMakeLists.txt */ = {isa = PBXFileReference; fileEncoding = 4; lastKnownFileType = text; name = CMakeLists.txt; path = ../examples/RandomNumberClient/CMakeLists.txt; sourceTree = SOURCE_ROOT; };
		DFA86D3A18E1D6E600A22941 /* main.cpp */ = {isa = PBXFileReference; fileEncoding = 4; lastKnownFileType = sourcecode.cpp.cpp; name = main.cpp; path = ../examples/RandomNumberClient/main.cpp; sourceTree = SOURCE_ROOT; };
		DFA86D3B18E1D6E600A22941 /* YPPRandomNumberClient.cpp */ = {isa = PBXFileReference; fileEncoding = 4; lastKnownFileType = sourcecode.cpp.cpp; name = YPPRandomNumberClient.cpp; path = ../examples/RandomNumberClient/YPPRandomNumberClient.cpp; sourceTree = SOURCE_ROOT; };
		DFA86D3C18E1D6E600A22941 /* YPPRandomNumberClient.h */ = {isa = PBXFileReference; fileEncoding = 4; lastKnownFileType = sourcecode.c.h; name = YPPRandomNumberClient.h; path = ../examples/RandomNumberClient/YPPRandomNumberClient.h; sourceTree = SOURCE_ROOT; };
		DFA86D3D18E1D6FF00A22941 /* CMakeLists.txt */ = {isa = PBXFileReference; fileEncoding = 4; lastKnownFileType = text; name = CMakeLists.txt; path = ../examples/RandomNumberService/CMakeLists.txt; sourceTree = SOURCE_ROOT; };
		DFA86D3E18E1D6FF00A22941 /* main.cpp */ = {isa = PBXFileReference; fileEncoding = 4; lastKnownFileType = sourcecode.cpp.cpp; name = main.cpp; path = ../examples/RandomNumberService/main.cpp; sourceTree = SOURCE_ROOT; };
		DFA86D3F18E1D6FF00A22941 /* YPPRandomNumberRequests.h */ = {isa = PBXFileReference; fileEncoding = 4; lastKnownFileType = sourcecode.c.h; name = YPPRandomNumberRequests.h; path = ../examples/RandomNumberService/YPPRandomNumberRequests.h; sourceTree = SOURCE_ROOT; };
		DFA86D4018E1D6FF00A22941 /* YPPRandomNumberService.cpp */ = {isa = PBXFileReference; fileEncoding = 4; lastKnownFileType = sourcecode.cpp.cpp; name = YPPRandomNumberService.cpp; path = ../examples/RandomNumberService/YPPRandomNumberService.cpp; sourceTree = SOURCE_ROOT; };
		DFA86D4118E1D6FF00A22941 /* YPPRandomNumberService.h */ = {isa = PBXFileReference; fileEncoding = 4; lastKnownFileType = sourcecode.c.h; name = YPPRandomNumberService.h; path = ../examples/RandomNumberService/YPPRandomNumberService.h; sourceTree = SOURCE_ROOT; };
		DFA86D4218E1D6FF00A22941 /* YPPRandomRequestHandler.cpp */ = {isa = PBXFileReference; fileEncoding = 4; lastKnownFileType = sourcecode.cpp.cpp; name = YPPRandomRequestHandler.cpp; path = ../examples/RandomNumberService/YPPRandomRequestHandler.cpp; sourceTree = SOURCE_ROOT; };
		DFA86D4318E1D6FF00A22941 /* YPPRandomRequestHandler.h */ = {isa = PBXFileReference; fileEncoding = 4; lastKnownFileType = sourcecode.c.h; name = YPPRandomRequestHandler.h; path = ../examples/RandomNumberService/YPPRandomRequestHandler.h; sourceTree = SOURCE_ROOT; };
		DFA86D4418E1D9EB00A22941 /* CMakeLists.txt */ = {isa = PBXFileReference; fileEncoding = 4; lastKnownFileType = text; name = CMakeLists.txt; path = ../examples/RunningSumAdapter/CMakeLists.txt; sourceTree = SOURCE_ROOT; };
		DFA86D4518E1D9EB00A22941 /* main.cpp */ = {isa = PBXFileReference; fileEncoding = 4; lastKnownFileType = sourcecode.cpp.cpp; name = main.cpp; path = ../examples/RunningSumAdapter/main.cpp; sourceTree = SOURCE_ROOT; };
		DFA86D4618E1D9EB00A22941 /* YPPRunningSumControlInputHandler.cpp */ = {isa = PBXFileReference; fileEncoding = 4; lastKnownFileType = sourcecode.cpp.cpp; name = YPPRunningSumControlInputHandler.cpp; path = ../examples/RunningSumAdapter/YPPRunningSumControlInputHandler.cpp; sourceTree = SOURCE_ROOT; };
		DFA86D4718E1D9EB00A22941 /* YPPRunningSumControlInputHandler.h */ = {isa = PBXFileReference; fileEncoding = 4; lastKnownFileType = sourcecode.c.h; name = YPPRunningSumControlInputHandler.h; path = ../examples/RunningSumAdapter/YPPRunningSumControlInputHandler.h; sourceTree = SOURCE_ROOT; };
		DFA86D4818E1D9EB00A22941 /* YPPRunningSumDataInputHandler.cpp */ = {isa = PBXFileReference; fileEncoding = 4; lastKnownFileType = sourcecode.cpp.cpp; name = YPPRunningSumDataInputHandler.cpp; path = ../examples/RunningSumAdapter/YPPRunningSumDataInputHandler.cpp; sourceTree = SOURCE_ROOT; };
		DFA86D4918E1D9EB00A22941 /* YPPRunningSumDataInputHandler.h */ = {isa = PBXFileReference; fileEncoding = 4; lastKnownFileType = sourcecode.c.h; name = YPPRunningSumDataInputHandler.h; path = ../examples/RunningSumAdapter/YPPRunningSumDataInputHandler.h; sourceTree = SOURCE_ROOT; };
		DFA86D4A18E1DA0200A22941 /* CMakeLists.txt */ = {isa = PBXFileReference; fileEncoding = 4; lastKnownFileType = text; name = CMakeLists.txt; path = ../examples/RunningSumClient/CMakeLists.txt; sourceTree = SOURCE_ROOT; };
		DFA86D4B18E1DA0200A22941 /* main.cpp */ = {isa = PBXFileReference; fileEncoding = 4; lastKnownFileType = sourcecode.cpp.cpp; name = main.cpp; path = ../examples/RunningSumClient/main.cpp; sourceTree = SOURCE_ROOT; };
		DFA86D4C18E1DA0200A22941 /* YPPRunningSumClient.cpp */ = {isa = PBXFileReference; fileEncoding = 4; lastKnownFileType = sourcecode.cpp.cpp; name = YPPRunningSumClient.cpp; path = ../examples/RunningSumClient/YPPRunningSumClient.cpp; sourceTree = SOURCE_ROOT; };
		DFA86D4D18E1DA0200A22941 /* YPPRunningSumClient.h */ = {isa = PBXFileReference; fileEncoding = 4; lastKnownFileType = sourcecode.c.h; name = YPPRunningSumClient.h; path = ../examples/RunningSumClient/YPPRunningSumClient.h; sourceTree = SOURCE_ROOT; };
		DFA86D4E18E1DA1C00A22941 /* CMakeLists.txt */ = {isa = PBXFileReference; fileEncoding = 4; lastKnownFileType = text; name = CMakeLists.txt; path = ../examples/RunningSumService/CMakeLists.txt; sourceTree = SOURCE_ROOT; };
		DFA86D4F18E1DA1C00A22941 /* main.cpp */ = {isa = PBXFileReference; fileEncoding = 4; lastKnownFileType = sourcecode.cpp.cpp; name = main.cpp; path = ../examples/RunningSumService/main.cpp; sourceTree = SOURCE_ROOT; };
		DFA86D5018E1DA1C00A22941 /* YPPAddRequestHandler.cpp */ = {isa = PBXFileReference; fileEncoding = 4; lastKnownFileType = sourcecode.cpp.cpp; name = YPPAddRequestHandler.cpp; path = ../examples/RunningSumService/YPPAddRequestHandler.cpp; sourceTree = SOURCE_ROOT; };
		DFA86D5118E1DA1C00A22941 /* YPPAddRequestHandler.h */ = {isa = PBXFileReference; fileEncoding = 4; lastKnownFileType = sourcecode.c.h; name = YPPAddRequestHandler.h; path = ../examples/RunningSumService/YPPAddRequestHandler.h; sourceTree = SOURCE_ROOT; };
		DFA86D5218E1DA1C00A22941 /* YPPResetRequestHandler.cpp */ = {isa = PBXFileReference; fileEncoding = 4; lastKnownFileType = sourcecode.cpp.cpp; name = YPPResetRequestHandler.cpp; path = ../examples/RunningSumService/YPPResetRequestHandler.cpp; sourceTree = SOURCE_ROOT; };
		DFA86D5318E1DA1C00A22941 /* YPPResetRequestHandler.h */ = {isa = PBXFileReference; fileEncoding = 4; lastKnownFileType = sourcecode.c.h; name = YPPResetRequestHandler.h; path = ../examples/RunningSumService/YPPResetRequestHandler.h; sourceTree = SOURCE_ROOT; };
		DFA86D5418E1DA1C00A22941 /* YPPRunningSumContext.cpp */ = {isa = PBXFileReference; fileEncoding = 4; lastKnownFileType = sourcecode.cpp.cpp; name = YPPRunningSumContext.cpp; path = ../examples/RunningSumService/YPPRunningSumContext.cpp; sourceTree = SOURCE_ROOT; };
		DFA86D5518E1DA1C00A22941 /* YPPRunningSumContext.h */ = {isa = PBXFileReference; fileEncoding = 4; lastKnownFileType = sourcecode.c.h; name = YPPRunningSumContext.h; path = ../examples/RunningSumService/YPPRunningSumContext.h; sourceTree = SOURCE_ROOT; };
		DFA86D5618E1DA1C00A22941 /* YPPRunningSumRequests.h */ = {isa = PBXFileReference; fileEncoding = 4; lastKnownFileType = sourcecode.c.h; name = YPPRunningSumRequests.h; path = ../examples/RunningSumService/YPPRunningSumRequests.h; sourceTree = SOURCE_ROOT; };
		DFA86D5718E1DA1C00A22941 /* YPPRunningSumService.cpp */ = {isa = PBXFileReference; fileEncoding = 4; lastKnownFileType = sourcecode.cpp.cpp; name = YPPRunningSumService.cpp; path = ../examples/RunningSumService/YPPRunningSumService.cpp; sourceTree = SOURCE_ROOT; };
		DFA86D5818E1DA1C00A22941 /* YPPRunningSumService.h */ = {isa = PBXFileReference; fileEncoding = 4; lastKnownFileType = sourcecode.c.h; name = YPPRunningSumService.h; path = ../examples/RunningSumService/YPPRunningSumService.h; sourceTree = SOURCE_ROOT; };
		DFA86D5918E1DA1C00A22941 /* YPPStartRequestHandler.cpp */ = {isa = PBXFileReference; fileEncoding = 4; lastKnownFileType = sourcecode.cpp.cpp; name = YPPStartRequestHandler.cpp; path = ../examples/RunningSumService/YPPStartRequestHandler.cpp; sourceTree = SOURCE_ROOT; };
		DFA86D5A18E1DA1C00A22941 /* YPPStartRequestHandler.h */ = {isa = PBXFileReference; fileEncoding = 4; lastKnownFileType = sourcecode.c.h; name = YPPStartRequestHandler.h; path = ../examples/RunningSumService/YPPStartRequestHandler.h; sourceTree = SOURCE_ROOT; };
		DFA86D5B18E1DA1C00A22941 /* YPPStopRequestHandler.cpp */ = {isa = PBXFileReference; fileEncoding = 4; lastKnownFileType = sourcecode.cpp.cpp; name = YPPStopRequestHandler.cpp; path = ../examples/RunningSumService/YPPStopRequestHandler.cpp; sourceTree = SOURCE_ROOT; };
		DFA86D5C18E1DA1C00A22941 /* YPPStopRequestHandler.h */ = {isa = PBXFileReference; fileEncoding = 4; lastKnownFileType = sourcecode.c.h; name = YPPStopRequestHandler.h; path = ../examples/RunningSumService/YPPStopRequestHandler.h; sourceTree = SOURCE_ROOT; };
		DFF9E67218E0C66C008EC0DD /* YPPBaseNameValidator.cpp */ = {isa = PBXFileReference; fileEncoding = 4; lastKnownFileType = sourcecode.cpp.cpp; name = YPPBaseNameValidator.cpp; path = ../Parser/YPPBaseNameValidator.cpp; sourceTree = SOURCE_ROOT; };
		DFF9E67318E0C66C008EC0DD /* YPPBaseNameValidator.h */ = {isa = PBXFileReference; fileEncoding = 4; lastKnownFileType = sourcecode.c.h; name = YPPBaseNameValidator.h; path = ../Parser/YPPBaseNameValidator.h; sourceTree = SOURCE_ROOT; };
		DFF9E67418E0CBDE008EC0DD /* YPPTestNameValidator.cpp */ = {isa = PBXFileReference; fileEncoding = 4; lastKnownFileType = sourcecode.cpp.cpp; name = YPPTestNameValidator.cpp; path = ../Parser/YPPTestNameValidator.cpp; sourceTree = SOURCE_ROOT; };
		DFF9E67518E0CBDE008EC0DD /* YPPTestNameValidator.h */ = {isa = PBXFileReference; fileEncoding = 4; lastKnownFileType = sourcecode.c.h; name = YPPTestNameValidator.h; path = ../Parser/YPPTestNameValidator.h; sourceTree = SOURCE_ROOT; };
/* End PBXFileReference section */

/* Begin PBXGroup section */
		DF20928F18D0DAA50093D3DC /* ServiceLister */ = {
			isa = PBXGroup;
			children = (
				DF20929018D0DAFF0093D3DC /* CMakeLists.txt */,
				DF20929118D0DB860093D3DC /* main.cpp */,
			);
			name = ServiceLister;
			sourceTree = "<group>";
		};
		DF20929218D241270093D3DC /* RequestInfo */ = {
			isa = PBXGroup;
			children = (
				DF20929318D241AC0093D3DC /* CMakeLists.txt */,
				DF20929418D241AC0093D3DC /* main.cpp */,
			);
			name = RequestInfo;
			sourceTree = "<group>";
		};
		DF20929518D3577D0093D3DC /* RequestCounterService */ = {
			isa = PBXGroup;
			children = (
				DF20929618D357A80093D3DC /* CMakeLists.txt */,
				DF20929718D357A80093D3DC /* main.cpp */,
				DF20929818D357A80093D3DC /* YPPRequestCounterDefaultRequestHandler.cpp */,
				DF20929918D357A80093D3DC /* YPPRequestCounterDefaultRequestHandler.h */,
				DF2092D218D37F820093D3DC /* YPPRequestCounterRequests.h */,
				DF20929A18D357A80093D3DC /* YPPRequestCounterService.cpp */,
				DF20929B18D357A80093D3DC /* YPPRequestCounterService.h */,
				DF20929C18D357A80093D3DC /* YPPResetRequestHandler.cpp */,
				DF20929D18D357A80093D3DC /* YPPResetRequestHandler.h */,
				DF20929E18D357A80093D3DC /* YPPStatsRequestHandler.cpp */,
				DF20929F18D357A80093D3DC /* YPPStatsRequestHandler.h */,
			);
			name = RequestCounterService;
			sourceTree = "<group>";
		};
		DF2092A118D360DE0093D3DC /* RegistryTests */ = {
			isa = PBXGroup;
			children = (
				DF2092A218D3626D0093D3DC /* CMakeLists.txt */,
				DF2092A318D3626D0093D3DC /* YPPTTest14EchoRequestHandler.cpp */,
				DF2092A418D3626D0093D3DC /* YPPTTest14EchoRequestHandler.h */,
				DF2092A518D3626D0093D3DC /* YPPTTest14Service.cpp */,
				DF2092A618D3626D0093D3DC /* YPPTTest14Service.h */,
				DF2092A718D3626D0093D3DC /* YPPTTest15EchoRequestHandler.cpp */,
				DF2092A818D3626D0093D3DC /* YPPTTest15EchoRequestHandler.h */,
				DF2092A918D3626D0093D3DC /* YPPTTest15Service.cpp */,
				DF2092AA18D3626D0093D3DC /* YPPTTest15Service.h */,
				DF2092AB18D3626D0093D3DC /* YPPTTest16EchoRequestHandler.cpp */,
				DF2092AC18D3626D0093D3DC /* YPPTTest16EchoRequestHandler.h */,
				DF2092AD18D3626D0093D3DC /* YPPTTest16Service.cpp */,
				DF2092AE18D3626D0093D3DC /* YPPTTest16Service.h */,
			);
			name = RegistryTests;
			sourceTree = "<group>";
		};
		DF2092CD18D371CB0093D3DC /* RequestCounterClient */ = {
			isa = PBXGroup;
			children = (
				DF2092CE18D371ED0093D3DC /* CMakeLists.txt */,
				DF2092CF18D371ED0093D3DC /* main.cpp */,
				DF2092D018D371ED0093D3DC /* YPPRequestCounterClient.cpp */,
				DF2092D118D371ED0093D3DC /* YPPRequestCounterClient.h */,
			);
			name = RequestCounterClient;
			sourceTree = "<group>";
		};
		DF2092D918D8DFE60093D3DC /* RunningSumService */ = {
			isa = PBXGroup;
			children = (
				DFA86D4E18E1DA1C00A22941 /* CMakeLists.txt */,
				DFA86D4F18E1DA1C00A22941 /* main.cpp */,
				DFA86D5018E1DA1C00A22941 /* YPPAddRequestHandler.cpp */,
				DFA86D5118E1DA1C00A22941 /* YPPAddRequestHandler.h */,
				DFA86D5218E1DA1C00A22941 /* YPPResetRequestHandler.cpp */,
				DFA86D5318E1DA1C00A22941 /* YPPResetRequestHandler.h */,
				DFA86D5418E1DA1C00A22941 /* YPPRunningSumContext.cpp */,
				DFA86D5518E1DA1C00A22941 /* YPPRunningSumContext.h */,
				DFA86D5618E1DA1C00A22941 /* YPPRunningSumRequests.h */,
				DFA86D5718E1DA1C00A22941 /* YPPRunningSumService.cpp */,
				DFA86D5818E1DA1C00A22941 /* YPPRunningSumService.h */,
				DFA86D5918E1DA1C00A22941 /* YPPStartRequestHandler.cpp */,
				DFA86D5A18E1DA1C00A22941 /* YPPStartRequestHandler.h */,
				DFA86D5B18E1DA1C00A22941 /* YPPStopRequestHandler.cpp */,
				DFA86D5C18E1DA1C00A22941 /* YPPStopRequestHandler.h */,
			);
			name = RunningSumService;
			sourceTree = "<group>";
		};
		DF2092E918D8F6110093D3DC /* RunningSumClient */ = {
			isa = PBXGroup;
			children = (
				DFA86D4A18E1DA0200A22941 /* CMakeLists.txt */,
				DFA86D4B18E1DA0200A22941 /* main.cpp */,
				DFA86D4C18E1DA0200A22941 /* YPPRunningSumClient.cpp */,
				DFA86D4D18E1DA0200A22941 /* YPPRunningSumClient.h */,
			);
			name = RunningSumClient;
			sourceTree = "<group>";
		};
		DF27F42718CA357400E93C95 /* Parser */ = {
			isa = PBXGroup;
			children = (
				DF27F42818CA358C00E93C95 /* CMakeLists.txt */,
				DF27F42D18CA3BBA00E93C95 /* YPPBaseMatcher.cpp */,
				DF27F42E18CA3BBA00E93C95 /* YPPBaseMatcher.h */,
				DFF9E67218E0C66C008EC0DD /* YPPBaseNameValidator.cpp */,
				DFF9E67318E0C66C008EC0DD /* YPPBaseNameValidator.h */,
				DF27F43618CE2A7B00E93C95 /* YPPMatchConstraint.cpp */,
				DF27F43718CE2A7B00E93C95 /* YPPMatchConstraint.h */,
				DF27F43818CE39BC00E93C95 /* YPPMatchExpression.cpp */,
				DF27F43918CE39BC00E93C95 /* YPPMatchExpression.h */,
				DF27F43218CA729700E93C95 /* YPPMatchFieldName.cpp */,
				DF27F43318CA729700E93C95 /* YPPMatchFieldName.h */,
				DF27F43418CA7EC500E93C95 /* YPPMatchFieldWithValues.cpp */,
				DF27F43518CA7EC500E93C95 /* YPPMatchFieldWithValues.h */,
				DF27F42918CA36C200E93C95 /* YPPMatchValue.cpp */,
				DF27F42A18CA36C200E93C95 /* YPPMatchValue.h */,
				DF27F43018CA593500E93C95 /* YPPMatchValueList.cpp */,
				DF27F43118CA593500E93C95 /* YPPMatchValueList.h */,
				DF27F42F18CA3DCC00E93C95 /* YPPParserTest.cpp */,
				DFF9E67418E0CBDE008EC0DD /* YPPTestNameValidator.cpp */,
				DFF9E67518E0CBDE008EC0DD /* YPPTestNameValidator.h */,
			);
			name = Parser;
			sourceTree = "<group>";
		};
		DFA3430618C91B4F0053B87C = {
			isa = PBXGroup;
			children = (
				DF27F42B18CA377A00E93C95 /* CMakeLists.txt */,
				DFA3434F18C91C670053B87C /* Common */,
				DFA3432618C91C1C0053B87C /* Debugging */,
				DFA86D2518E1D13300A22941 /* examples */,
				DF27F42718CA357400E93C95 /* Parser */,
				DFA3431418C91B8B0053B87C /* RegistryService */,
				DF2092CD18D371CB0093D3DC /* RequestCounterClient */,
				DF20929518D3577D0093D3DC /* RequestCounterService */,
				DF20929218D241270093D3DC /* RequestInfo */,
				DF20928F18D0DAA50093D3DC /* ServiceLister */,
			);
			sourceTree = "<group>";
		};
		DFA3431418C91B8B0053B87C /* RegistryService */ = {
			isa = PBXGroup;
			children = (
				DF27F42C18CA37E000E93C95 /* CMakeLists.txt */,
				DFA3431318C91B7E0053B87C /* main.cpp */,
				DF2092A118D360DE0093D3DC /* RegistryTests */,
				DFA86D1C18E0D3AE00A22941 /* YPPColumnNameValidator.cpp */,
				DFA86D1D18E0D3AE00A22941 /* YPPColumnNameValidator.h */,
				DF27F43A18CE48E000E93C95 /* YPPMatchRequestHandler.cpp */,
				DF27F43B18CE48E000E93C95 /* YPPMatchRequestHandler.h */,
				DFA3434018C91C5A0053B87C /* YPPRegisterRequestHandler.cpp */,
				DFA3434118C91C5A0053B87C /* YPPRegisterRequestHandler.h */,
				DFA3434218C91C5A0053B87C /* YPPRegistryService.cpp */,
				DFA3434318C91C5A0053B87C /* YPPRegistryService.h */,
				DF2092A018D35D720093D3DC /* YPPRegistryTest.cpp */,
				DFA3434D18C91C5A0053B87C /* YPPUnregisterRequestHandler.cpp */,
				DFA3434E18C91C5A0053B87C /* YPPUnregisterRequestHandler.h */,
			);
			name = RegistryService;
			sourceTree = "<group>";
		};
		DFA3431B18C91BD10053B87C /* EchoService */ = {
			isa = PBXGroup;
			children = (
				DFA86D3218E1D3FC00A22941 /* CMakeLists.txt */,
				DFA86D3318E1D3FC00A22941 /* main.cpp */,
				DFA86D3418E1D3FC00A22941 /* YPPEchoRequestHandler.cpp */,
				DFA86D3518E1D3FC00A22941 /* YPPEchoRequestHandler.h */,
				DFA86D3618E1D3FC00A22941 /* YPPEchoService.cpp */,
				DFA86D3718E1D3FC00A22941 /* YPPEchoService.h */,
				DFA86D3818E1D3FC00A22941 /* YPPEchoRequests.h */,
			);
			name = EchoService;
			sourceTree = "<group>";
		};
		DFA3432018C91BF40053B87C /* EchoClient */ = {
			isa = PBXGroup;
			children = (
				DFA86D2718E1D2A600A22941 /* CMakeLists.txt */,
				DFA86D2818E1D2A600A22941 /* main.cpp */,
				DFA86D2918E1D2A600A22941 /* YPPEchoClient.cpp */,
				DFA86D2A18E1D2A600A22941 /* YPPEchoClient.h */,
			);
			name = EchoClient;
			sourceTree = "<group>";
		};
		DFA3432618C91C1C0053B87C /* Debugging */ = {
			isa = PBXGroup;
			children = (
				DFA3432118C91C150053B87C /* CMakeLists.txt */,
				DFA3432218C91C150053B87C /* ODLogging.cpp */,
				DFA3432318C91C150053B87C /* ODLogging.h */,
				DFA3432418C91C150053B87C /* ODLogging.inc */,
				DFA3432518C91C150053B87C /* ODLogging.m */,
			);
			name = Debugging;
			sourceTree = "<group>";
		};
		DFA3434F18C91C670053B87C /* Common */ = {
			isa = PBXGroup;
			children = (
				DFA3432718C91C5A0053B87C /* CMakeLists.txt */,
				DFA3437918C91C940053B87C /* CommonTests */,
				DFA3432818C91C5A0053B87C /* YPPBaseClient.cpp */,
				DFA3432918C91C5A0053B87C /* YPPBaseClient.h */,
				DF2092D718D8BC570093D3DC /* YPPBaseContext.cpp */,
				DF2092D818D8BC570093D3DC /* YPPBaseContext.h */,
				DFA3434418C91C5A0053B87C /* YPPBaseRequestHandler.cpp */,
				DFA3434518C91C5A0053B87C /* YPPBaseRequestHandler.h */,
				DFA3432A18C91C5A0053B87C /* YPPBaseService.cpp */,
				DFA3432B18C91C5A0053B87C /* YPPBaseService.h */,
				DFA3432C18C91C5A0053B87C /* YPPBaseServiceInputHandler.cpp */,
				DFA3432D18C91C5A0053B87C /* YPPBaseServiceInputHandler.h */,
				DFA3432E18C91C5A0053B87C /* YPPBaseServiceInputHandlerCreator.cpp */,
				DFA3432F18C91C5A0053B87C /* YPPBaseServiceInputHandlerCreator.h */,
				DF2092EE18DA03160093D3DC /* YPPCommon.cpp */,
				DFA3433018C91C5A0053B87C /* YPPCommon.h */,
				DFA3433118C91C5A0053B87C /* YPPCommonTest.cpp */,
				DFA3433218C91C5A0053B87C /* YPPConfig.h */,
				DFA3433318C91C5A0053B87C /* YPPConfig.h.in */,
				DFA3433418C91C5A0053B87C /* YPPEndpoint.cpp */,
				DFA3433518C91C5A0053B87C /* YPPEndpoint.h */,
				DFA3433618C91C5A0053B87C /* YPPException.cpp */,
				DFA3433718C91C5A0053B87C /* YPPException.h */,
				DFA3433818C91C5A0053B87C /* YPPInfoRequestHandler.cpp */,
				DFA3433918C91C5A0053B87C /* YPPInfoRequestHandler.h */,
				DFA3433A18C91C5A0053B87C /* YPPInputHandler.cpp */,
				DFA3433B18C91C5A0053B87C /* YPPInputHandler.h */,
				DFA3433C18C91C5A0053B87C /* YPPInputHandlerCreator.cpp */,
				DFA3433D18C91C5A0053B87C /* YPPInputHandlerCreator.h */,
				DFA3433E18C91C5A0053B87C /* YPPListRequestHandler.cpp */,
				DFA3433F18C91C5A0053B87C /* YPPListRequestHandler.h */,
				DF2092D518D39D4F0093D3DC /* YPPNameRequestHandler.cpp */,
				DF2092D618D39D4F0093D3DC /* YPPNameRequestHandler.h */,
				DFA3434618C91C5A0053B87C /* YPPRequestMap.cpp */,
				DFA3434718C91C5A0053B87C /* YPPRequestMap.h */,
				DFA3434818C91C5A0053B87C /* YPPRequests.h */,
				DFA3434918C91C5A0053B87C /* YPPServiceRequest.cpp */,
				DFA3434A18C91C5A0053B87C /* YPPServiceRequest.h */,
				DFA3434B18C91C5A0053B87C /* YPPServiceResponse.cpp */,
				DFA3434C18C91C5A0053B87C /* YPPServiceResponse.h */,
			);
			name = Common;
			sourceTree = "<group>";
		};
		DFA3437918C91C940053B87C /* CommonTests */ = {
			isa = PBXGroup;
			children = (
				DF2092AF18D362890093D3DC /* CMakeLists.txt */,
				DF2092B118D362890093D3DC /* YPPTEndpointStatusReporter.cpp */,
				DF2092B218D362890093D3DC /* YPPTEndpointStatusReporter.h */,
				DF2092B318D362890093D3DC /* YPPTTest03Handler.cpp */,
				DF2092B418D362890093D3DC /* YPPTTest03Handler.h */,
				DF2092B518D362890093D3DC /* YPPTTest04Handler.cpp */,
				DF2092B618D362890093D3DC /* YPPTTest04Handler.h */,
				DF2092B718D362890093D3DC /* YPPTTest05Handler.cpp */,
				DF2092B818D362890093D3DC /* YPPTTest05Handler.h */,
				DF2092B918D362890093D3DC /* YPPTTest05HandlerCreator.cpp */,
				DF2092BA18D362890093D3DC /* YPPTTest05HandlerCreator.h */,
				DF2092BB18D362890093D3DC /* YPPTTest08Handler.cpp */,
				DF2092BC18D362890093D3DC /* YPPTTest08Handler.h */,
				DF2092BD18D362890093D3DC /* YPPTTest09DefaultRequestHandler.cpp */,
				DF2092BE18D362890093D3DC /* YPPTTest09DefaultRequestHandler.h */,
				DF2092BF18D362890093D3DC /* YPPTTest09Service.cpp */,
				DF2092C018D362890093D3DC /* YPPTTest09Service.h */,
				DF2092C118D362890093D3DC /* YPPTTest10DefaultRequestHandler.cpp */,
				DF2092C218D362890093D3DC /* YPPTTest10DefaultRequestHandler.h */,
				DF2092C318D362890093D3DC /* YPPTTest10Service.cpp */,
				DF2092C418D362890093D3DC /* YPPTTest10Service.h */,
				DF2092C518D362890093D3DC /* YPPTTest11EchoRequestHandler.cpp */,
				DF2092C618D362890093D3DC /* YPPTTest11EchoRequestHandler.h */,
				DF2092C718D362890093D3DC /* YPPTTest11Service.cpp */,
				DF2092C818D362890093D3DC /* YPPTTest11Service.h */,
				DF2092C918D362890093D3DC /* YPPTTest12EchoRequestHandler.cpp */,
				DF2092CA18D362890093D3DC /* YPPTTest12EchoRequestHandler.h */,
				DF2092CB18D362890093D3DC /* YPPTTest12Service.cpp */,
				DF2092CC18D362890093D3DC /* YPPTTest12Service.h */,
			);
			name = CommonTests;
			sourceTree = "<group>";
		};
		DFA3437E18C91E040053B87C /* RandomNumberClient */ = {
			isa = PBXGroup;
			children = (
				DFA86D3918E1D6E600A22941 /* CMakeLists.txt */,
				DFA86D3A18E1D6E600A22941 /* main.cpp */,
				DFA86D3B18E1D6E600A22941 /* YPPRandomNumberClient.cpp */,
				DFA86D3C18E1D6E600A22941 /* YPPRandomNumberClient.h */,
			);
			name = RandomNumberClient;
			sourceTree = "<group>";
		};
		DFA3438518C91E2C0053B87C /* RandomNumberService */ = {
			isa = PBXGroup;
			children = (
				DFA86D3D18E1D6FF00A22941 /* CMakeLists.txt */,
				DFA86D3E18E1D6FF00A22941 /* main.cpp */,
				DFA86D3F18E1D6FF00A22941 /* YPPRandomNumberRequests.h */,
				DFA86D4018E1D6FF00A22941 /* YPPRandomNumberService.cpp */,
				DFA86D4118E1D6FF00A22941 /* YPPRandomNumberService.h */,
				DFA86D4218E1D6FF00A22941 /* YPPRandomRequestHandler.cpp */,
				DFA86D4318E1D6FF00A22941 /* YPPRandomRequestHandler.h */,
			);
			name = RandomNumberService;
			sourceTree = "<group>";
		};
		DFA86D1E18E0E09E00A22941 /* RunningSumAdapter */ = {
			isa = PBXGroup;
			children = (
				DFA86D4418E1D9EB00A22941 /* CMakeLists.txt */,
				DFA86D4518E1D9EB00A22941 /* main.cpp */,
				DFA86D4618E1D9EB00A22941 /* YPPRunningSumControlInputHandler.cpp */,
				DFA86D4718E1D9EB00A22941 /* YPPRunningSumControlInputHandler.h */,
				DFA86D4818E1D9EB00A22941 /* YPPRunningSumDataInputHandler.cpp */,
				DFA86D4918E1D9EB00A22941 /* YPPRunningSumDataInputHandler.h */,
			);
			name = RunningSumAdapter;
			sourceTree = "<group>";
		};
		DFA86D2518E1D13300A22941 /* examples */ = {
			isa = PBXGroup;
			children = (
				DFA86D2618E1D1AC00A22941 /* CMakeLists.txt */,
				DFA3432018C91BF40053B87C /* EchoClient */,
				DFA3431B18C91BD10053B87C /* EchoService */,
				DFA3437E18C91E040053B87C /* RandomNumberClient */,
				DFA3438518C91E2C0053B87C /* RandomNumberService */,
				DFA86D1E18E0E09E00A22941 /* RunningSumAdapter */,
				DF2092E918D8F6110093D3DC /* RunningSumClient */,
				DF2092D918D8DFE60093D3DC /* RunningSumService */,
			);
			name = examples;
			sourceTree = "<group>";
		};
/* End PBXGroup section */

/* Begin PBXLegacyTarget section */
		DFA3430B18C91B4F0053B87C /* YarpPlusPlus */ = {
			isa = PBXLegacyTarget;
			buildArgumentsString = "$(ACTION)";
			buildConfigurationList = DFA3430E18C91B4F0053B87C /* Build configuration list for PBXLegacyTarget "YarpPlusPlus" */;
			buildPhases = (
			);
			buildToolPath = /usr/bin/make;
			dependencies = (
			);
			name = YarpPlusPlus;
			passBuildSettingsInEnvironment = 1;
			productName = YarpPlusPlus;
		};
/* End PBXLegacyTarget section */

/* Begin PBXProject section */
		DFA3430718C91B4F0053B87C /* Project object */ = {
			isa = PBXProject;
			attributes = {
				LastUpgradeCheck = 0500;
				ORGANIZATIONNAME = "Movement Meaning";
			};
			buildConfigurationList = DFA3430A18C91B4F0053B87C /* Build configuration list for PBXProject "YarpPlusPlus" */;
			compatibilityVersion = "Xcode 3.2";
			developmentRegion = English;
			hasScannedForEncodings = 0;
			knownRegions = (
				en,
			);
			mainGroup = DFA3430618C91B4F0053B87C;
			projectDirPath = "";
			projectRoot = "";
			targets = (
				DFA3430B18C91B4F0053B87C /* YarpPlusPlus */,
			);
		};
/* End PBXProject section */

/* Begin XCBuildConfiguration section */
		DFA3430C18C91B4F0053B87C /* Debug */ = {
			isa = XCBuildConfiguration;
			buildSettings = {
				ALWAYS_SEARCH_USER_PATHS = NO;
				CLANG_CXX_LANGUAGE_STANDARD = "gnu++0x";
				CLANG_CXX_LIBRARY = "libc++";
				CLANG_ENABLE_OBJC_ARC = YES;
				CLANG_WARN_BOOL_CONVERSION = YES;
				CLANG_WARN_CONSTANT_CONVERSION = YES;
				CLANG_WARN_DIRECT_OBJC_ISA_USAGE = YES_ERROR;
				CLANG_WARN_EMPTY_BODY = YES;
				CLANG_WARN_ENUM_CONVERSION = YES;
				CLANG_WARN_INT_CONVERSION = YES;
				CLANG_WARN_OBJC_ROOT_CLASS = YES_ERROR;
				CLANG_WARN__DUPLICATE_METHOD_MATCH = YES;
				COPY_PHASE_STRIP = NO;
				GCC_C_LANGUAGE_STANDARD = gnu99;
				GCC_DYNAMIC_NO_PIC = NO;
				GCC_ENABLE_OBJC_EXCEPTIONS = YES;
				GCC_OPTIMIZATION_LEVEL = 0;
				GCC_PREPROCESSOR_DEFINITIONS = (
					"DEBUG=1",
					"$(inherited)",
				);
				GCC_SYMBOLS_PRIVATE_EXTERN = NO;
				GCC_WARN_64_TO_32_BIT_CONVERSION = YES;
				GCC_WARN_ABOUT_RETURN_TYPE = YES_ERROR;
				GCC_WARN_UNDECLARED_SELECTOR = YES;
				GCC_WARN_UNINITIALIZED_AUTOS = YES;
				GCC_WARN_UNUSED_FUNCTION = YES;
				GCC_WARN_UNUSED_VARIABLE = YES;
				MACOSX_DEPLOYMENT_TARGET = 10.9;
				ONLY_ACTIVE_ARCH = YES;
				SDKROOT = macosx;
			};
			name = Debug;
		};
		DFA3430D18C91B4F0053B87C /* Release */ = {
			isa = XCBuildConfiguration;
			buildSettings = {
				ALWAYS_SEARCH_USER_PATHS = NO;
				CLANG_CXX_LANGUAGE_STANDARD = "gnu++0x";
				CLANG_CXX_LIBRARY = "libc++";
				CLANG_ENABLE_OBJC_ARC = YES;
				CLANG_WARN_BOOL_CONVERSION = YES;
				CLANG_WARN_CONSTANT_CONVERSION = YES;
				CLANG_WARN_DIRECT_OBJC_ISA_USAGE = YES_ERROR;
				CLANG_WARN_EMPTY_BODY = YES;
				CLANG_WARN_ENUM_CONVERSION = YES;
				CLANG_WARN_INT_CONVERSION = YES;
				CLANG_WARN_OBJC_ROOT_CLASS = YES_ERROR;
				CLANG_WARN__DUPLICATE_METHOD_MATCH = YES;
				COPY_PHASE_STRIP = YES;
				DEBUG_INFORMATION_FORMAT = "dwarf-with-dsym";
				ENABLE_NS_ASSERTIONS = NO;
				GCC_C_LANGUAGE_STANDARD = gnu99;
				GCC_ENABLE_OBJC_EXCEPTIONS = YES;
				GCC_WARN_64_TO_32_BIT_CONVERSION = YES;
				GCC_WARN_ABOUT_RETURN_TYPE = YES_ERROR;
				GCC_WARN_UNDECLARED_SELECTOR = YES;
				GCC_WARN_UNINITIALIZED_AUTOS = YES;
				GCC_WARN_UNUSED_FUNCTION = YES;
				GCC_WARN_UNUSED_VARIABLE = YES;
				MACOSX_DEPLOYMENT_TARGET = 10.9;
				SDKROOT = macosx;
			};
			name = Release;
		};
		DFA3430F18C91B4F0053B87C /* Debug */ = {
			isa = XCBuildConfiguration;
			buildSettings = {
				DEBUGGING_SYMBOLS = YES;
				GCC_GENERATE_DEBUGGING_SYMBOLS = YES;
				GCC_OPTIMIZATION_LEVEL = 0;
				OTHER_CFLAGS = "";
				OTHER_LDFLAGS = "";
				PRODUCT_NAME = "$(TARGET_NAME)";
			};
			name = Debug;
		};
		DFA3431018C91B4F0053B87C /* Release */ = {
			isa = XCBuildConfiguration;
			buildSettings = {
				OTHER_CFLAGS = "";
				OTHER_LDFLAGS = "";
				PRODUCT_NAME = "$(TARGET_NAME)";
			};
			name = Release;
		};
/* End XCBuildConfiguration section */

/* Begin XCConfigurationList section */
		DFA3430A18C91B4F0053B87C /* Build configuration list for PBXProject "YarpPlusPlus" */ = {
			isa = XCConfigurationList;
			buildConfigurations = (
				DFA3430C18C91B4F0053B87C /* Debug */,
				DFA3430D18C91B4F0053B87C /* Release */,
			);
			defaultConfigurationIsVisible = 0;
			defaultConfigurationName = Release;
		};
		DFA3430E18C91B4F0053B87C /* Build configuration list for PBXLegacyTarget "YarpPlusPlus" */ = {
			isa = XCConfigurationList;
			buildConfigurations = (
				DFA3430F18C91B4F0053B87C /* Debug */,
				DFA3431018C91B4F0053B87C /* Release */,
			);
			defaultConfigurationIsVisible = 0;
			defaultConfigurationName = Release;
		};
/* End XCConfigurationList section */
	};
	rootObject = DFA3430718C91B4F0053B87C /* Project object */;
}
